
Microsoft Visual Studio Solution File, Format Version 12.00
# Visual Studio 15
VisualStudioVersion = 15.0.26430.13
MinimumVisualStudioVersion = 10.0.40219.1
Project("{FAE04EC0-301F-11D3-BF4B-00C04F79EFBC}") = "WebApiService", "WebApiService\WebApiService.csproj", "{76CB4FBD-5C98-4C88-8DC6-7E4DD41A45EE}"
EndProject
Project("{FAE04EC0-301F-11D3-BF4B-00C04F79EFBC}") = "PersonActor", "PersonActor\PersonActor.csproj", "{9249931A-5A92-471B-B060-1F5F045ADC9D}"
EndProject
Project("{FAE04EC0-301F-11D3-BF4B-00C04F79EFBC}") = "PersonActor.Interfaces", "PersonActor.Interfaces\PersonActor.Interfaces.csproj", "{66343026-F7ED-44F4-A0DB-652DBB9E3F39}"
EndProject
Project("{FAE04EC0-301F-11D3-BF4B-00C04F79EFBC}") = "TitleService", "TitleService\TitleService.csproj", "{995D119C-5B63-43D9-8A99-DC3DD1B5979D}"
EndProject
Project("{A07B5EB6-E848-4116-A8D0-A826331D98C6}") = "CodeEffect.ServiceFabric.Auditing", "CodeEffect.ServiceFabric.Auditing\CodeEffect.ServiceFabric.Auditing.sfproj", "{25494522-FFEF-4A23-9653-D052630A3258}"
EndProject
Project("{9A19103F-16F7-4668-BE54-9A1E7A4F7556}") = "StartUpApplicationInsightsDebug", "StartUpApplicationInsightsDebug\StartUpApplicationInsightsDebug.csproj", "{7E57A37B-2AF2-4E5B-BC22-8A6BBC23D0DC}"
EndProject
Project("{FAE04EC0-301F-11D3-BF4B-00C04F79EFBC}") = "Common", "Common\Common.csproj", "{4F4F71A3-6A52-4E93-B735-45D3B7453BA6}"
EndProject
Global
	GlobalSection(SolutionConfigurationPlatforms) = preSolution
		Debug|Any CPU = Debug|Any CPU
		Debug|x64 = Debug|x64
		Release|Any CPU = Release|Any CPU
		Release|x64 = Release|x64
	EndGlobalSection
	GlobalSection(ProjectConfigurationPlatforms) = postSolution
		{76CB4FBD-5C98-4C88-8DC6-7E4DD41A45EE}.Debug|Any CPU.ActiveCfg = Debug|x64
		{76CB4FBD-5C98-4C88-8DC6-7E4DD41A45EE}.Debug|x64.ActiveCfg = Debug|x64
		{76CB4FBD-5C98-4C88-8DC6-7E4DD41A45EE}.Debug|x64.Build.0 = Debug|x64
		{76CB4FBD-5C98-4C88-8DC6-7E4DD41A45EE}.Release|Any CPU.ActiveCfg = Release|x64
		{76CB4FBD-5C98-4C88-8DC6-7E4DD41A45EE}.Release|x64.ActiveCfg = Release|x64
		{76CB4FBD-5C98-4C88-8DC6-7E4DD41A45EE}.Release|x64.Build.0 = Release|x64
		{9249931A-5A92-471B-B060-1F5F045ADC9D}.Debug|Any CPU.ActiveCfg = Debug|x64
		{9249931A-5A92-471B-B060-1F5F045ADC9D}.Debug|x64.ActiveCfg = Debug|x64
		{9249931A-5A92-471B-B060-1F5F045ADC9D}.Debug|x64.Build.0 = Debug|x64
		{9249931A-5A92-471B-B060-1F5F045ADC9D}.Release|Any CPU.ActiveCfg = Release|x64
		{9249931A-5A92-471B-B060-1F5F045ADC9D}.Release|x64.ActiveCfg = Release|x64
		{9249931A-5A92-471B-B060-1F5F045ADC9D}.Release|x64.Build.0 = Release|x64
		{66343026-F7ED-44F4-A0DB-652DBB9E3F39}.Debug|Any CPU.ActiveCfg = Debug|x64
		{66343026-F7ED-44F4-A0DB-652DBB9E3F39}.Debug|x64.ActiveCfg = Debug|x64
		{66343026-F7ED-44F4-A0DB-652DBB9E3F39}.Debug|x64.Build.0 = Debug|x64
		{66343026-F7ED-44F4-A0DB-652DBB9E3F39}.Release|Any CPU.ActiveCfg = Release|x64
		{66343026-F7ED-44F4-A0DB-652DBB9E3F39}.Release|x64.ActiveCfg = Release|x64
		{66343026-F7ED-44F4-A0DB-652DBB9E3F39}.Release|x64.Build.0 = Release|x64
		{995D119C-5B63-43D9-8A99-DC3DD1B5979D}.Debug|Any CPU.ActiveCfg = Debug|x64
		{995D119C-5B63-43D9-8A99-DC3DD1B5979D}.Debug|x64.ActiveCfg = Debug|x64
		{995D119C-5B63-43D9-8A99-DC3DD1B5979D}.Debug|x64.Build.0 = Debug|x64
		{995D119C-5B63-43D9-8A99-DC3DD1B5979D}.Release|Any CPU.ActiveCfg = Release|x64
		{995D119C-5B63-43D9-8A99-DC3DD1B5979D}.Release|x64.ActiveCfg = Release|x64
		{995D119C-5B63-43D9-8A99-DC3DD1B5979D}.Release|x64.Build.0 = Release|x64
		{25494522-FFEF-4A23-9653-D052630A3258}.Debug|Any CPU.ActiveCfg = Debug|x64
		{25494522-FFEF-4A23-9653-D052630A3258}.Debug|x64.ActiveCfg = Debug|x64
		{25494522-FFEF-4A23-9653-D052630A3258}.Debug|x64.Build.0 = Debug|x64
		{25494522-FFEF-4A23-9653-D052630A3258}.Debug|x64.Deploy.0 = Debug|x64
		{25494522-FFEF-4A23-9653-D052630A3258}.Release|Any CPU.ActiveCfg = Release|x64
		{25494522-FFEF-4A23-9653-D052630A3258}.Release|x64.ActiveCfg = Release|x64
		{25494522-FFEF-4A23-9653-D052630A3258}.Release|x64.Build.0 = Release|x64
		{25494522-FFEF-4A23-9653-D052630A3258}.Release|x64.Deploy.0 = Release|x64
		{7E57A37B-2AF2-4E5B-BC22-8A6BBC23D0DC}.Debug|Any CPU.ActiveCfg = Debug|Any CPU
		{7E57A37B-2AF2-4E5B-BC22-8A6BBC23D0DC}.Debug|Any CPU.Build.0 = Debug|Any CPU
		{7E57A37B-2AF2-4E5B-BC22-8A6BBC23D0DC}.Debug|x64.ActiveCfg = Debug|Any CPU
		{7E57A37B-2AF2-4E5B-BC22-8A6BBC23D0DC}.Debug|x64.Build.0 = Debug|Any CPU
		{7E57A37B-2AF2-4E5B-BC22-8A6BBC23D0DC}.Release|Any CPU.ActiveCfg = Release|Any CPU
		{7E57A37B-2AF2-4E5B-BC22-8A6BBC23D0DC}.Release|Any CPU.Build.0 = Release|Any CPU
		{7E57A37B-2AF2-4E5B-BC22-8A6BBC23D0DC}.Release|x64.ActiveCfg = Release|Any CPU
		{7E57A37B-2AF2-4E5B-BC22-8A6BBC23D0DC}.Release|x64.Build.0 = Release|Any CPU
		{4F4F71A3-6A52-4E93-B735-45D3B7453BA6}.Debug|Any CPU.ActiveCfg = Debug|Any CPU
		{4F4F71A3-6A52-4E93-B735-45D3B7453BA6}.Debug|Any CPU.Build.0 = Debug|Any CPU
		{4F4F71A3-6A52-4E93-B735-45D3B7453BA6}.Debug|x64.ActiveCfg = Debug|Any CPU
		{4F4F71A3-6A52-4E93-B735-45D3B7453BA6}.Debug|x64.Build.0 = Debug|Any CPU
		{4F4F71A3-6A52-4E93-B735-45D3B7453BA6}.Release|Any CPU.ActiveCfg = Release|Any CPU
		{4F4F71A3-6A52-4E93-B735-45D3B7453BA6}.Release|Any CPU.Build.0 = Release|Any CPU
		{4F4F71A3-6A52-4E93-B735-45D3B7453BA6}.Release|x64.ActiveCfg = Release|Any CPU
		{4F4F71A3-6A52-4E93-B735-45D3B7453BA6}.Release|x64.Build.0 = Release|Any CPU
	EndGlobalSection
	GlobalSection(SolutionProperties) = preSolution
		HideSolutionNode = FALSE
	EndGlobalSection
EndGlobal
