
Microsoft Visual Studio Solution File, Format Version 12.00
# Visual Studio 14
VisualStudioVersion = 14.0.25420.1
MinimumVisualStudioVersion = 10.0.40219.1
Project("{FAE04EC0-301F-11D3-BF4B-00C04F79EFBC}") = "CodeEffect.Diagnostics.EventSourceGenerator.MSBuild", "CodeEffect.Diagnostics.EventSourceGenerator.MSBuild\CodeEffect.Diagnostics.EventSourceGenerator.MSBuild.csproj", "{41FDE7BF-94B1-4A51-AB58-7E94CFF6FD47}"
EndProject
Project("{FAE04EC0-301F-11D3-BF4B-00C04F79EFBC}") = "ConsoleApplication1", "ConsoleApplication1\ConsoleApplication1.csproj", "{A084D81A-47DC-41FA-A9E1-9CF5D9FF70E7}"
EndProject
Project("{FAE04EC0-301F-11D3-BF4B-00C04F79EFBC}") = "CodeEffect.Diagnostics.EventSourceGenerator.Tool", "CodeEffect.Diagnostics.EventSourceGenerator.Tool\CodeEffect.Diagnostics.EventSourceGenerator.Tool.csproj", "{E283C474-CE74-48FB-B3D9-193F493008D5}"
EndProject
Project("{FAE04EC0-301F-11D3-BF4B-00C04F79EFBC}") = "CodeEffect.Diagnostics.EventSourceGenerator", "CodeEffect.Diagnostics.EventSourceGenerator\CodeEffect.Diagnostics.EventSourceGenerator.csproj", "{1837B79F-C48F-4D7E-8121-02026C1EA5FC}"
EndProject
Project("{2150E333-8FDC-42A3-9474-1A3956D46DE8}") = "Sample", "Sample", "{2A769E63-66D8-4EF0-AEA0-A1E6891043B0}"
	ProjectSection(SolutionItems) = preProject
		nuget.exe = nuget.exe
	EndProjectSection
EndProject
Project("{2150E333-8FDC-42A3-9474-1A3956D46DE8}") = "Tests", "Tests", "{46B2C472-B06F-46C8-8C25-A6408B73A92C}"
EndProject
Project("{FAE04EC0-301F-11D3-BF4B-00C04F79EFBC}") = "CodeEffect.Diagnostics.EventSourceGenerator.Tests", "CodeEffect.Diagnostics.EventSourceGenerator.Tests\CodeEffect.Diagnostics.EventSourceGenerator.Tests.csproj", "{A53C8677-AFB4-41F9-B091-7A26878A5E90}"
EndProject
Project("{FAE04EC0-301F-11D3-BF4B-00C04F79EFBC}") = "CodeEffect.Diagnostics.EventSourceGenerator.Model", "CodeEffect.Diagnostics.EventSourceGenerator.Model\CodeEffect.Diagnostics.EventSourceGenerator.Model.csproj", "{714C6060-43CC-4314-A233-8E74D65D014C}"
EndProject
Project("{FAE04EC0-301F-11D3-BF4B-00C04F79EFBC}") = "CodeEffect.Diagnostics.EventSourceGenerator.Schema", "CodeEffect.Diagnostics.EventSourceGenerator.Schema\CodeEffect.Diagnostics.EventSourceGenerator.Schema.csproj", "{F17DCC86-5A9A-48D0-AA6D-F895FD3B66A1}"
EndProject
Global
	GlobalSection(SolutionConfigurationPlatforms) = preSolution
		Debug|Any CPU = Debug|Any CPU
		Release|Any CPU = Release|Any CPU
	EndGlobalSection
	GlobalSection(ProjectConfigurationPlatforms) = postSolution
		{41FDE7BF-94B1-4A51-AB58-7E94CFF6FD47}.Debug|Any CPU.ActiveCfg = Debug|Any CPU
		{41FDE7BF-94B1-4A51-AB58-7E94CFF6FD47}.Debug|Any CPU.Build.0 = Debug|Any CPU
		{41FDE7BF-94B1-4A51-AB58-7E94CFF6FD47}.Release|Any CPU.ActiveCfg = Release|Any CPU
		{41FDE7BF-94B1-4A51-AB58-7E94CFF6FD47}.Release|Any CPU.Build.0 = Release|Any CPU
		{A084D81A-47DC-41FA-A9E1-9CF5D9FF70E7}.Debug|Any CPU.ActiveCfg = Debug|Any CPU
		{A084D81A-47DC-41FA-A9E1-9CF5D9FF70E7}.Debug|Any CPU.Build.0 = Debug|Any CPU
		{A084D81A-47DC-41FA-A9E1-9CF5D9FF70E7}.Release|Any CPU.ActiveCfg = Release|Any CPU
		{A084D81A-47DC-41FA-A9E1-9CF5D9FF70E7}.Release|Any CPU.Build.0 = Release|Any CPU
		{E283C474-CE74-48FB-B3D9-193F493008D5}.Debug|Any CPU.ActiveCfg = Debug|Any CPU
		{E283C474-CE74-48FB-B3D9-193F493008D5}.Debug|Any CPU.Build.0 = Debug|Any CPU
		{E283C474-CE74-48FB-B3D9-193F493008D5}.Release|Any CPU.ActiveCfg = Release|Any CPU
		{E283C474-CE74-48FB-B3D9-193F493008D5}.Release|Any CPU.Build.0 = Release|Any CPU
		{1837B79F-C48F-4D7E-8121-02026C1EA5FC}.Debug|Any CPU.ActiveCfg = Debug|Any CPU
		{1837B79F-C48F-4D7E-8121-02026C1EA5FC}.Debug|Any CPU.Build.0 = Debug|Any CPU
		{1837B79F-C48F-4D7E-8121-02026C1EA5FC}.Release|Any CPU.ActiveCfg = Release|Any CPU
		{1837B79F-C48F-4D7E-8121-02026C1EA5FC}.Release|Any CPU.Build.0 = Release|Any CPU
		{A53C8677-AFB4-41F9-B091-7A26878A5E90}.Debug|Any CPU.ActiveCfg = Debug|Any CPU
		{A53C8677-AFB4-41F9-B091-7A26878A5E90}.Debug|Any CPU.Build.0 = Debug|Any CPU
		{A53C8677-AFB4-41F9-B091-7A26878A5E90}.Release|Any CPU.ActiveCfg = Release|Any CPU
		{A53C8677-AFB4-41F9-B091-7A26878A5E90}.Release|Any CPU.Build.0 = Release|Any CPU
		{714C6060-43CC-4314-A233-8E74D65D014C}.Debug|Any CPU.ActiveCfg = Debug|Any CPU
		{714C6060-43CC-4314-A233-8E74D65D014C}.Debug|Any CPU.Build.0 = Debug|Any CPU
		{714C6060-43CC-4314-A233-8E74D65D014C}.Release|Any CPU.ActiveCfg = Release|Any CPU
		{714C6060-43CC-4314-A233-8E74D65D014C}.Release|Any CPU.Build.0 = Release|Any CPU
		{F17DCC86-5A9A-48D0-AA6D-F895FD3B66A1}.Debug|Any CPU.ActiveCfg = Debug|Any CPU
		{F17DCC86-5A9A-48D0-AA6D-F895FD3B66A1}.Debug|Any CPU.Build.0 = Debug|Any CPU
		{F17DCC86-5A9A-48D0-AA6D-F895FD3B66A1}.Release|Any CPU.ActiveCfg = Release|Any CPU
		{F17DCC86-5A9A-48D0-AA6D-F895FD3B66A1}.Release|Any CPU.Build.0 = Release|Any CPU
	EndGlobalSection
	GlobalSection(SolutionProperties) = preSolution
		HideSolutionNode = FALSE
	EndGlobalSection
	GlobalSection(NestedProjects) = preSolution
		{A084D81A-47DC-41FA-A9E1-9CF5D9FF70E7} = {2A769E63-66D8-4EF0-AEA0-A1E6891043B0}
		{A53C8677-AFB4-41F9-B091-7A26878A5E90} = {46B2C472-B06F-46C8-8C25-A6408B73A92C}
	EndGlobalSection
EndGlobal
